
Microsoft Visual Studio Solution File, Format Version 12.00
# Visual Studio Version 17
VisualStudioVersion = 17.8.34309.116
MinimumVisualStudioVersion = 10.0.40219.1
Project("{FAE04EC0-301F-11D3-BF4B-00C04F79EFBC}") = "Server", "Server\Server.csproj", "{0E09D980-E448-4660-AD4F-0D2AF802A9F6}"
EndProject
Project("{FAE04EC0-301F-11D3-BF4B-00C04F79EFBC}") = "Common", "Common\Common.csproj", "{87C48039-E6DE-4561-B573-DEC8CB90A3A0}"
EndProject
Project("{FAE04EC0-301F-11D3-BF4B-00C04F79EFBC}") = "Repository", "Repository\Repository.csproj", "{EC773392-5373-4682-8510-A98F9EC0B908}"
EndProject
Project("{FAE04EC0-301F-11D3-BF4B-00C04F79EFBC}") = "SystemOperation", "SystemOperation\SystemOperation.csproj", "{D3FEEC2D-D46D-4EBB-A80B-86B7AD7AD8C0}"
EndProject
Project("{FAE04EC0-301F-11D3-BF4B-00C04F79EFBC}") = "Client", "Client\Client.csproj", "{A075DF55-4C9F-4496-80A1-0F3D70EBE570}"
EndProject
Global
	GlobalSection(SolutionConfigurationPlatforms) = preSolution
		Debug|Any CPU = Debug|Any CPU
		Release|Any CPU = Release|Any CPU
	EndGlobalSection
	GlobalSection(ProjectConfigurationPlatforms) = postSolution
		{0E09D980-E448-4660-AD4F-0D2AF802A9F6}.Debug|Any CPU.ActiveCfg = Debug|Any CPU
		{0E09D980-E448-4660-AD4F-0D2AF802A9F6}.Debug|Any CPU.Build.0 = Debug|Any CPU
		{0E09D980-E448-4660-AD4F-0D2AF802A9F6}.Release|Any CPU.ActiveCfg = Release|Any CPU
		{0E09D980-E448-4660-AD4F-0D2AF802A9F6}.Release|Any CPU.Build.0 = Release|Any CPU
		{87C48039-E6DE-4561-B573-DEC8CB90A3A0}.Debug|Any CPU.ActiveCfg = Debug|Any CPU
		{87C48039-E6DE-4561-B573-DEC8CB90A3A0}.Debug|Any CPU.Build.0 = Debug|Any CPU
		{87C48039-E6DE-4561-B573-DEC8CB90A3A0}.Release|Any CPU.ActiveCfg = Release|Any CPU
		{87C48039-E6DE-4561-B573-DEC8CB90A3A0}.Release|Any CPU.Build.0 = Release|Any CPU
		{EC773392-5373-4682-8510-A98F9EC0B908}.Debug|Any CPU.ActiveCfg = Debug|Any CPU
		{EC773392-5373-4682-8510-A98F9EC0B908}.Debug|Any CPU.Build.0 = Debug|Any CPU
		{EC773392-5373-4682-8510-A98F9EC0B908}.Release|Any CPU.ActiveCfg = Release|Any CPU
		{EC773392-5373-4682-8510-A98F9EC0B908}.Release|Any CPU.Build.0 = Release|Any CPU
		{D3FEEC2D-D46D-4EBB-A80B-86B7AD7AD8C0}.Debug|Any CPU.ActiveCfg = Debug|Any CPU
		{D3FEEC2D-D46D-4EBB-A80B-86B7AD7AD8C0}.Debug|Any CPU.Build.0 = Debug|Any CPU
		{D3FEEC2D-D46D-4EBB-A80B-86B7AD7AD8C0}.Release|Any CPU.ActiveCfg = Release|Any CPU
		{D3FEEC2D-D46D-4EBB-A80B-86B7AD7AD8C0}.Release|Any CPU.Build.0 = Release|Any CPU
		{A075DF55-4C9F-4496-80A1-0F3D70EBE570}.Debug|Any CPU.ActiveCfg = Debug|Any CPU
		{A075DF55-4C9F-4496-80A1-0F3D70EBE570}.Debug|Any CPU.Build.0 = Debug|Any CPU
		{A075DF55-4C9F-4496-80A1-0F3D70EBE570}.Release|Any CPU.ActiveCfg = Release|Any CPU
		{A075DF55-4C9F-4496-80A1-0F3D70EBE570}.Release|Any CPU.Build.0 = Release|Any CPU
	EndGlobalSection
	GlobalSection(SolutionProperties) = preSolution
		HideSolutionNode = FALSE
	EndGlobalSection
	GlobalSection(ExtensibilityGlobals) = postSolution
		SolutionGuid = {7D32DF19-4DD4-4A26-95AD-E72837C9B6CD}
	EndGlobalSection
EndGlobal
